// !$*UTF8*$!
{
	archiveVersion = 1;
	classes = {
	};
	objectVersion = 48;
	objects = {

/* Begin PBXBuildFile section */
		7447D36A204534A700BD1E7D /* ImageListViewController.swift in Sources */ = {isa = PBXBuildFile; fileRef = 7447D369204534A700BD1E7D /* ImageListViewController.swift */; };
		7447D36C2045430900BD1E7D /* InstagramPostTableViewCell.swift in Sources */ = {isa = PBXBuildFile; fileRef = 7447D36B2045430900BD1E7D /* InstagramPostTableViewCell.swift */; };
		74C327FE203D0071006FAD20 /* AppDelegate.swift in Sources */ = {isa = PBXBuildFile; fileRef = 74C327FD203D0071006FAD20 /* AppDelegate.swift */; };
		74C32800203D0071006FAD20 /* ViewController.swift in Sources */ = {isa = PBXBuildFile; fileRef = 74C327FF203D0071006FAD20 /* ViewController.swift */; };
		74C32803203D0071006FAD20 /* Main.storyboard in Resources */ = {isa = PBXBuildFile; fileRef = 74C32801203D0071006FAD20 /* Main.storyboard */; };
		74C32805203D0071006FAD20 /* Assets.xcassets in Resources */ = {isa = PBXBuildFile; fileRef = 74C32804203D0071006FAD20 /* Assets.xcassets */; };
		74C32808203D0071006FAD20 /* LaunchScreen.storyboard in Resources */ = {isa = PBXBuildFile; fileRef = 74C32806203D0071006FAD20 /* LaunchScreen.storyboard */; };
		B00B6181F880F6D161F80A8B /* Pods_pinkypics.framework in Frameworks */ = {isa = PBXBuildFile; fileRef = 3265030B18398CB9B095DB67 /* Pods_pinkypics.framework */; };
/* End PBXBuildFile section */

/* Begin PBXFileReference section */
		3265030B18398CB9B095DB67 /* Pods_pinkypics.framework */ = {isa = PBXFileReference; explicitFileType = wrapper.framework; includeInIndex = 0; path = Pods_pinkypics.framework; sourceTree = BUILT_PRODUCTS_DIR; };
		39E5196C34BDDC8C2FC90540 /* Pods-pinkypics.debug.xcconfig */ = {isa = PBXFileReference; includeInIndex = 1; lastKnownFileType = text.xcconfig; name = "Pods-pinkypics.debug.xcconfig"; path = "Pods/Target Support Files/Pods-pinkypics/Pods-pinkypics.debug.xcconfig"; sourceTree = "<group>"; };
		7447D369204534A700BD1E7D /* ImageListViewController.swift */ = {isa = PBXFileReference; lastKnownFileType = sourcecode.swift; path = ImageListViewController.swift; sourceTree = "<group>"; };
		7447D36B2045430900BD1E7D /* InstagramPostTableViewCell.swift */ = {isa = PBXFileReference; lastKnownFileType = sourcecode.swift; path = InstagramPostTableViewCell.swift; sourceTree = "<group>"; };
		74C327FA203D0071006FAD20 /* pinkypics.app */ = {isa = PBXFileReference; explicitFileType = wrapper.application; includeInIndex = 0; path = pinkypics.app; sourceTree = BUILT_PRODUCTS_DIR; };
		74C327FD203D0071006FAD20 /* AppDelegate.swift */ = {isa = PBXFileReference; lastKnownFileType = sourcecode.swift; path = AppDelegate.swift; sourceTree = "<group>"; };
		74C327FF203D0071006FAD20 /* ViewController.swift */ = {isa = PBXFileReference; lastKnownFileType = sourcecode.swift; path = ViewController.swift; sourceTree = "<group>"; };
		74C32802203D0071006FAD20 /* Base */ = {isa = PBXFileReference; lastKnownFileType = file.storyboard; name = Base; path = Base.lproj/Main.storyboard; sourceTree = "<group>"; };
		74C32804203D0071006FAD20 /* Assets.xcassets */ = {isa = PBXFileReference; lastKnownFileType = folder.assetcatalog; path = Assets.xcassets; sourceTree = "<group>"; };
		74C32807203D0071006FAD20 /* Base */ = {isa = PBXFileReference; lastKnownFileType = file.storyboard; name = Base; path = Base.lproj/LaunchScreen.storyboard; sourceTree = "<group>"; };
		74C32809203D0071006FAD20 /* Info.plist */ = {isa = PBXFileReference; lastKnownFileType = text.plist.xml; path = Info.plist; sourceTree = "<group>"; };
		82186187A8F2AE8194E5C41E /* Pods-pinkypics.release.xcconfig */ = {isa = PBXFileReference; includeInIndex = 1; lastKnownFileType = text.xcconfig; name = "Pods-pinkypics.release.xcconfig"; path = "Pods/Target Support Files/Pods-pinkypics/Pods-pinkypics.release.xcconfig"; sourceTree = "<group>"; };
/* End PBXFileReference section */

/* Begin PBXFrameworksBuildPhase section */
		74C327F7203D0071006FAD20 /* Frameworks */ = {
			isa = PBXFrameworksBuildPhase;
			buildActionMask = 2147483647;
			files = (
				B00B6181F880F6D161F80A8B /* Pods_pinkypics.framework in Frameworks */,
			);
			runOnlyForDeploymentPostprocessing = 0;
		};
/* End PBXFrameworksBuildPhase section */

/* Begin PBXGroup section */
		4FC18FB423B735E5058383DA /* Frameworks */ = {
			isa = PBXGroup;
			children = (
				3265030B18398CB9B095DB67 /* Pods_pinkypics.framework */,
			);
			name = Frameworks;
			sourceTree = "<group>";
		};
		74C327F1203D0071006FAD20 = {
			isa = PBXGroup;
			children = (
				74C327FC203D0071006FAD20 /* pinkypics */,
				74C327FB203D0071006FAD20 /* Products */,
				ACA7D45CDFB846FE8A43F58F /* Pods */,
				4FC18FB423B735E5058383DA /* Frameworks */,
			);
			sourceTree = "<group>";
		};
		74C327FB203D0071006FAD20 /* Products */ = {
			isa = PBXGroup;
			children = (
				74C327FA203D0071006FAD20 /* pinkypics.app */,
			);
			name = Products;
			sourceTree = "<group>";
		};
		74C327FC203D0071006FAD20 /* pinkypics */ = {
			isa = PBXGroup;
			children = (
				74C327FD203D0071006FAD20 /* AppDelegate.swift */,
				74C327FF203D0071006FAD20 /* ViewController.swift */,
				74C32801203D0071006FAD20 /* Main.storyboard */,
				74C32804203D0071006FAD20 /* Assets.xcassets */,
				74C32806203D0071006FAD20 /* LaunchScreen.storyboard */,
				74C32809203D0071006FAD20 /* Info.plist */,
				7447D369204534A700BD1E7D /* ImageListViewController.swift */,
				7447D36B2045430900BD1E7D /* InstagramPostTableViewCell.swift */,
			);
			path = pinkypics;
			sourceTree = "<group>";
		};
		ACA7D45CDFB846FE8A43F58F /* Pods */ = {
			isa = PBXGroup;
			children = (
				39E5196C34BDDC8C2FC90540 /* Pods-pinkypics.debug.xcconfig */,
				82186187A8F2AE8194E5C41E /* Pods-pinkypics.release.xcconfig */,
			);
			name = Pods;
			sourceTree = "<group>";
		};
/* End PBXGroup section */

/* Begin PBXNativeTarget section */
		74C327F9203D0071006FAD20 /* pinkypics */ = {
			isa = PBXNativeTarget;
			buildConfigurationList = 74C3280C203D0071006FAD20 /* Build configuration list for PBXNativeTarget "pinkypics" */;
			buildPhases = (
				7B6C2CCE044EB9DAE57E30B6 /* [CP] Check Pods Manifest.lock */,
				74C327F6203D0071006FAD20 /* Sources */,
				74C327F7203D0071006FAD20 /* Frameworks */,
				74C327F8203D0071006FAD20 /* Resources */,
				80649A9390D72C7FBA4D33A7 /* [CP] Embed Pods Frameworks */,
				475D06A0464BACB4286BBD97 /* [CP] Copy Pods Resources */,
			);
			buildRules = (
			);
			dependencies = (
			);
			name = pinkypics;
			productName = pinkypics;
			productReference = 74C327FA203D0071006FAD20 /* pinkypics.app */;
			productType = "com.apple.product-type.application";
		};
/* End PBXNativeTarget section */

/* Begin PBXProject section */
		74C327F2203D0071006FAD20 /* Project object */ = {
			isa = PBXProject;
			attributes = {
				LastSwiftUpdateCheck = 0920;
				LastUpgradeCheck = 0920;
				ORGANIZATIONNAME = "Pinky Kohsuwan";
				TargetAttributes = {
					74C327F9203D0071006FAD20 = {
						CreatedOnToolsVersion = 9.2;
						ProvisioningStyle = Automatic;
					};
				};
			};
			buildConfigurationList = 74C327F5203D0071006FAD20 /* Build configuration list for PBXProject "pinkypics" */;
			compatibilityVersion = "Xcode 8.0";
			developmentRegion = en;
			hasScannedForEncodings = 0;
			knownRegions = (
				en,
				Base,
			);
			mainGroup = 74C327F1203D0071006FAD20;
			productRefGroup = 74C327FB203D0071006FAD20 /* Products */;
			projectDirPath = "";
			projectRoot = "";
			targets = (
				74C327F9203D0071006FAD20 /* pinkypics */,
			);
		};
/* End PBXProject section */

/* Begin PBXResourcesBuildPhase section */
		74C327F8203D0071006FAD20 /* Resources */ = {
			isa = PBXResourcesBuildPhase;
			buildActionMask = 2147483647;
			files = (
				74C32808203D0071006FAD20 /* LaunchScreen.storyboard in Resources */,
				74C32805203D0071006FAD20 /* Assets.xcassets in Resources */,
				74C32803203D0071006FAD20 /* Main.storyboard in Resources */,
			);
			runOnlyForDeploymentPostprocessing = 0;
		};
/* End PBXResourcesBuildPhase section */

/* Begin PBXShellScriptBuildPhase section */
		475D06A0464BACB4286BBD97 /* [CP] Copy Pods Resources */ = {
			isa = PBXShellScriptBuildPhase;
			buildActionMask = 2147483647;
			files = (
			);
			inputPaths = (
			);
			name = "[CP] Copy Pods Resources";
			outputPaths = (
			);
			runOnlyForDeploymentPostprocessing = 0;
			shellPath = /bin/sh;
			shellScript = "\"${SRCROOT}/Pods/Target Support Files/Pods-pinkypics/Pods-pinkypics-resources.sh\"\n";
			showEnvVarsInLog = 0;
		};
		7B6C2CCE044EB9DAE57E30B6 /* [CP] Check Pods Manifest.lock */ = {
			isa = PBXShellScriptBuildPhase;
			buildActionMask = 2147483647;
			files = (
			);
			inputPaths = (
				"${PODS_PODFILE_DIR_PATH}/Podfile.lock",
				"${PODS_ROOT}/Manifest.lock",
			);
			name = "[CP] Check Pods Manifest.lock";
			outputPaths = (
				"$(DERIVED_FILE_DIR)/Pods-pinkypics-checkManifestLockResult.txt",
			);
			runOnlyForDeploymentPostprocessing = 0;
			shellPath = /bin/sh;
			shellScript = "diff \"${PODS_PODFILE_DIR_PATH}/Podfile.lock\" \"${PODS_ROOT}/Manifest.lock\" > /dev/null\nif [ $? != 0 ] ; then\n    # print error to STDERR\n    echo \"error: The sandbox is not in sync with the Podfile.lock. Run 'pod install' or update your CocoaPods installation.\" >&2\n    exit 1\nfi\n# This output is used by Xcode 'outputs' to avoid re-running this script phase.\necho \"SUCCESS\" > \"${SCRIPT_OUTPUT_FILE_0}\"\n";
			showEnvVarsInLog = 0;
		};
		80649A9390D72C7FBA4D33A7 /* [CP] Embed Pods Frameworks */ = {
			isa = PBXShellScriptBuildPhase;
			buildActionMask = 2147483647;
			files = (
			);
			inputPaths = (
				"${SRCROOT}/Pods/Target Support Files/Pods-pinkypics/Pods-pinkypics-frameworks.sh",
				"${BUILT_PRODUCTS_DIR}/Bolts/Bolts.framework",
				"${BUILT_PRODUCTS_DIR}/Parse/Parse.framework",
			);
			name = "[CP] Embed Pods Frameworks";
			outputPaths = (
				"${TARGET_BUILD_DIR}/${FRAMEWORKS_FOLDER_PATH}/Bolts.framework",
				"${TARGET_BUILD_DIR}/${FRAMEWORKS_FOLDER_PATH}/Parse.framework",
			);
			runOnlyForDeploymentPostprocessing = 0;
			shellPath = /bin/sh;
			shellScript = "\"${SRCROOT}/Pods/Target Support Files/Pods-pinkypics/Pods-pinkypics-frameworks.sh\"\n";
			showEnvVarsInLog = 0;
		};
/* End PBXShellScriptBuildPhase section */

/* Begin PBXSourcesBuildPhase section */
		74C327F6203D0071006FAD20 /* Sources */ = {
			isa = PBXSourcesBuildPhase;
			buildActionMask = 2147483647;
			files = (
				7447D36C2045430900BD1E7D /* InstagramPostTableViewCell.swift in Sources */,
				7447D36A204534A700BD1E7D /* ImageListViewController.swift in Sources */,
				74C32800203D0071006FAD20 /* ViewController.swift in Sources */,
				74C327FE203D0071006FAD20 /* AppDelegate.swift in Sources */,
			);
			runOnlyForDeploymentPostprocessing = 0;
		};
/* End PBXSourcesBuildPhase section */

/* Begin PBXVariantGroup section */
		74C32801203D0071006FAD20 /* Main.storyboard */ = {
			isa = PBXVariantGroup;
			children = (
				74C32802203D0071006FAD20 /* Base */,
			);
			name = Main.storyboard;
			sourceTree = "<group>";
		};
		74C32806203D0071006FAD20 /* LaunchScreen.storyboard */ = {
			isa = PBXVariantGroup;
			children = (
				74C32807203D0071006FAD20 /* Base */,
			);
			name = LaunchScreen.storyboard;
			sourceTree = "<group>";
		};
/* End PBXVariantGroup section */

/* Begin XCBuildConfiguration section */
		74C3280A203D0071006FAD20 /* Debug */ = {
			isa = XCBuildConfiguration;
			buildSettings = {
				ALWAYS_SEARCH_USER_PATHS = NO;
				CLANG_ANALYZER_NONNULL = YES;
				CLANG_ANALYZER_NUMBER_OBJECT_CONVERSION = YES_AGGRESSIVE;
				CLANG_CXX_LANGUAGE_STANDARD = "gnu++14";
				CLANG_CXX_LIBRARY = "libc++";
				CLANG_ENABLE_MODULES = YES;
				CLANG_ENABLE_OBJC_ARC = YES;
				CLANG_WARN_BLOCK_CAPTURE_AUTORELEASING = YES;
				CLANG_WARN_BOOL_CONVERSION = YES;
				CLANG_WARN_COMMA = YES;
				CLANG_WARN_CONSTANT_CONVERSION = YES;
				CLANG_WARN_DIRECT_OBJC_ISA_USAGE = YES_ERROR;
				CLANG_WARN_DOCUMENTATION_COMMENTS = YES;
				CLANG_WARN_EMPTY_BODY = YES;
				CLANG_WARN_ENUM_CONVERSION = YES;
				CLANG_WARN_INFINITE_RECURSION = YES;
				CLANG_WARN_INT_CONVERSION = YES;
				CLANG_WARN_NON_LITERAL_NULL_CONVERSION = YES;
				CLANG_WARN_OBJC_LITERAL_CONVERSION = YES;
				CLANG_WARN_OBJC_ROOT_CLASS = YES_ERROR;
				CLANG_WARN_RANGE_LOOP_ANALYSIS = YES;
				CLANG_WARN_STRICT_PROTOTYPES = YES;
				CLANG_WARN_SUSPICIOUS_MOVE = YES;
				CLANG_WARN_UNGUARDED_AVAILABILITY = YES_AGGRESSIVE;
				CLANG_WARN_UNREACHABLE_CODE = YES;
				CLANG_WARN__DUPLICATE_METHOD_MATCH = YES;
				CODE_SIGN_IDENTITY = "iPhone Developer";
				COPY_PHASE_STRIP = NO;
				DEBUG_INFORMATION_FORMAT = dwarf;
				ENABLE_STRICT_OBJC_MSGSEND = YES;
				ENABLE_TESTABILITY = YES;
				GCC_C_LANGUAGE_STANDARD = gnu11;
				GCC_DYNAMIC_NO_PIC = NO;
				GCC_NO_COMMON_BLOCKS = YES;
				GCC_OPTIMIZATION_LEVEL = 0;
				GCC_PREPROCESSOR_DEFINITIONS = (
					"DEBUG=1",
					"$(inherited)",
				);
				GCC_WARN_64_TO_32_BIT_CONVERSION = YES;
				GCC_WARN_ABOUT_RETURN_TYPE = YES_ERROR;
				GCC_WARN_UNDECLARED_SELECTOR = YES;
				GCC_WARN_UNINITIALIZED_AUTOS = YES_AGGRESSIVE;
				GCC_WARN_UNUSED_FUNCTION = YES;
				GCC_WARN_UNUSED_VARIABLE = YES;
				IPHONEOS_DEPLOYMENT_TARGET = 11.2;
				MTL_ENABLE_DEBUG_INFO = YES;
				ONLY_ACTIVE_ARCH = YES;
				SDKROOT = iphoneos;
				SWIFT_ACTIVE_COMPILATION_CONDITIONS = DEBUG;
				SWIFT_OPTIMIZATION_LEVEL = "-Onone";
			};
			name = Debug;
		};
		74C3280B203D0071006FAD20 /* Release */ = {
			isa = XCBuildConfiguration;
			buildSettings = {
				ALWAYS_SEARCH_USER_PATHS = NO;
				CLANG_ANALYZER_NONNULL = YES;
				CLANG_ANALYZER_NUMBER_OBJECT_CONVERSION = YES_AGGRESSIVE;
				CLANG_CXX_LANGUAGE_STANDARD = "gnu++14";
				CLANG_CXX_LIBRARY = "libc++";
				CLANG_ENABLE_MODULES = YES;
				CLANG_ENABLE_OBJC_ARC = YES;
				CLANG_WARN_BLOCK_CAPTURE_AUTORELEASING = YES;
				CLANG_WARN_BOOL_CONVERSION = YES;
				CLANG_WARN_COMMA = YES;
				CLANG_WARN_CONSTANT_CONVERSION = YES;
				CLANG_WARN_DIRECT_OBJC_ISA_USAGE = YES_ERROR;
				CLANG_WARN_DOCUMENTATION_COMMENTS = YES;
				CLANG_WARN_EMPTY_BODY = YES;
				CLANG_WARN_ENUM_CONVERSION = YES;
				CLANG_WARN_INFINITE_RECURSION = YES;
				CLANG_WARN_INT_CONVERSION = YES;
				CLANG_WARN_NON_LITERAL_NULL_CONVERSION = YES;
				CLANG_WARN_OBJC_LITERAL_CONVERSION = YES;
				CLANG_WARN_OBJC_ROOT_CLASS = YES_ERROR;
				CLANG_WARN_RANGE_LOOP_ANALYSIS = YES;
				CLANG_WARN_STRICT_PROTOTYPES = YES;
				CLANG_WARN_SUSPICIOUS_MOVE = YES;
				CLANG_WARN_UNGUARDED_AVAILABILITY = YES_AGGRESSIVE;
				CLANG_WARN_UNREACHABLE_CODE = YES;
				CLANG_WARN__DUPLICATE_METHOD_MATCH = YES;
				CODE_SIGN_IDENTITY = "iPhone Developer";
				COPY_PHASE_STRIP = NO;
				DEBUG_INFORMATION_FORMAT = "dwarf-with-dsym";
				ENABLE_NS_ASSERTIONS = NO;
				ENABLE_STRICT_OBJC_MSGSEND = YES;
				GCC_C_LANGUAGE_STANDARD = gnu11;
				GCC_NO_COMMON_BLOCKS = YES;
				GCC_WARN_64_TO_32_BIT_CONVERSION = YES;
				GCC_WARN_ABOUT_RETURN_TYPE = YES_ERROR;
				GCC_WARN_UNDECLARED_SELECTOR = YES;
				GCC_WARN_UNINITIALIZED_AUTOS = YES_AGGRESSIVE;
				GCC_WARN_UNUSED_FUNCTION = YES;
				GCC_WARN_UNUSED_VARIABLE = YES;
				IPHONEOS_DEPLOYMENT_TARGET = 11.2;
				MTL_ENABLE_DEBUG_INFO = NO;
				SDKROOT = iphoneos;
				SWIFT_OPTIMIZATION_LEVEL = "-Owholemodule";
				VALIDATE_PRODUCT = YES;
			};
			name = Release;
		};
		74C3280D203D0071006FAD20 /* Debug */ = {
			isa = XCBuildConfiguration;
			baseConfigurationReference = 39E5196C34BDDC8C2FC90540 /* Pods-pinkypics.debug.xcconfig */;
			buildSettings = {
				ASSETCATALOG_COMPILER_APPICON_NAME = AppIcon;
				CODE_SIGN_STYLE = Automatic;
				INFOPLIST_FILE = pinkypics/Info.plist;
				LD_RUNPATH_SEARCH_PATHS = "$(inherited) @executable_path/Frameworks";
				PRODUCT_BUNDLE_IDENTIFIER = pinkykohsuwan.pinkypics;
				PRODUCT_NAME = "$(TARGET_NAME)";
				SWIFT_VERSION = 4.0;
				TARGETED_DEVICE_FAMILY = "1,2";
			};
			name = Debug;
		};
		74C3280E203D0071006FAD20 /* Release */ = {
			isa = XCBuildConfiguration;
			baseConfigurationReference = 82186187A8F2AE8194E5C41E /* Pods-pinkypics.release.xcconfig */;
			buildSettings = {
				ASSETCATALOG_COMPILER_APPICON_NAME = AppIcon;
				CODE_SIGN_STYLE = Automatic;
				INFOPLIST_FILE = pinkypics/Info.plist;
				LD_RUNPATH_SEARCH_PATHS = "$(inherited) @executable_path/Frameworks";
				PRODUCT_BUNDLE_IDENTIFIER = pinkykohsuwan.pinkypics;
				PRODUCT_NAME = "$(TARGET_NAME)";
				SWIFT_VERSION = 4.0;
				TARGETED_DEVICE_FAMILY = "1,2";
			};
			name = Release;
		};
/* End XCBuildConfiguration section */

/* Begin XCConfigurationList section */
		74C327F5203D0071006FAD20 /* Build configuration list for PBXProject "pinkypics" */ = {
			isa = XCConfigurationList;
			buildConfigurations = (
				74C3280A203D0071006FAD20 /* Debug */,
				74C3280B203D0071006FAD20 /* Release */,
			);
			defaultConfigurationIsVisible = 0;
			defaultConfigurationName = Release;
		};
		74C3280C203D0071006FAD20 /* Build configuration list for PBXNativeTarget "pinkypics" */ = {
			isa = XCConfigurationList;
			buildConfigurations = (
				74C3280D203D0071006FAD20 /* Debug */,
				74C3280E203D0071006FAD20 /* Release */,
			);
			defaultConfigurationIsVisible = 0;
			defaultConfigurationName = Release;
		};
/* End XCConfigurationList section */
	};
	rootObject = 74C327F2203D0071006FAD20 /* Project object */;
}
